
Microsoft Visual Studio Solution File, Format Version 12.00
# Visual Studio Version 16
VisualStudioVersion = 16.0.32106.194
MinimumVisualStudioVersion = 10.0.40219.1
Project("{8BC9CEB8-8B4A-11D0-8D11-00A0C91BC942}") = "语句练习_1_23", "语句练习_1_23.vcxproj", "{5C42C986-8E01-4BD7-B4BF-8CB14EDFBACF}"
EndProject
Global
	GlobalSection(SolutionConfigurationPlatforms) = preSolution
		Debug|x64 = Debug|x64
		Debug|x86 = Debug|x86
		Release|x64 = Release|x64
		Release|x86 = Release|x86
	EndGlobalSection
	GlobalSection(ProjectConfigurationPlatforms) = postSolution
		{5C42C986-8E01-4BD7-B4BF-8CB14EDFBACF}.Debug|x64.ActiveCfg = Debug|x64
		{5C42C986-8E01-4BD7-B4BF-8CB14EDFBACF}.Debug|x64.Build.0 = Debug|x64
		{5C42C986-8E01-4BD7-B4BF-8CB14EDFBACF}.Debug|x86.ActiveCfg = Debug|Win32
		{5C42C986-8E01-4BD7-B4BF-8CB14EDFBACF}.Debug|x86.Build.0 = Debug|Win32
		{5C42C986-8E01-4BD7-B4BF-8CB14EDFBACF}.Release|x64.ActiveCfg = Release|x64
		{5C42C986-8E01-4BD7-B4BF-8CB14EDFBACF}.Release|x64.Build.0 = Release|x64
		{5C42C986-8E01-4BD7-B4BF-8CB14EDFBACF}.Release|x86.ActiveCfg = Release|Win32
		{5C42C986-8E01-4BD7-B4BF-8CB14EDFBACF}.Release|x86.Build.0 = Release|Win32
	EndGlobalSection
	GlobalSection(SolutionProperties) = preSolution
		HideSolutionNode = FALSE
	EndGlobalSection
	GlobalSection(ExtensibilityGlobals) = postSolution
		SolutionGuid = {F29BA69E-EAA3-4A1D-9E69-7AAF2A9853F4}
	EndGlobalSection
EndGlobal
